// !$*UTF8*$!
{
	archiveVersion = 1;
	classes = {
	};
	objectVersion = 42;
	objects = {

/* Begin PBXAppleScriptBuildPhase section */
		257572C4072881A4000BE9CA /* AppleScript */ = {
			isa = PBXAppleScriptBuildPhase;
			buildActionMask = 2147483647;
			contextName = "";
			files = (
				257572C5072881A4000BE9CA /* AppleScriptHTML.applescript in AppleScript */,
				2C4D2C870EC99CCE00D09C32 /* ASHTML.applescript in AppleScript */,
				2C4D2C9C0EC99ED700D09C32 /* ASFormattingStyle.applescript in AppleScript */,
				2CF2FF060ECA579000BADC90 /* ASHTMLProcessor.applescript in AppleScript */,
				2C535EC70ECA81B100C73295 /* DefaultsManager.applescript in AppleScript */,
				2CE61B060ECBDCEE00445AFE /* SheetManager.applescript in AppleScript */,
			);
			isSharedContext = 0;
			runOnlyForDeploymentPostprocessing = 0;
		};
/* End PBXAppleScriptBuildPhase section */

/* Begin PBXBuildFile section */
		257572C5072881A4000BE9CA /* AppleScriptHTML.applescript in AppleScript */ = {isa = PBXBuildFile; fileRef = DA206CF3015C4E8B03C91932 /* AppleScriptHTML.applescript */; settings = {ATTRIBUTES = (Debug, ); }; };
		257572C7072881A4000BE9CA /* MainMenu.nib in Resources */ = {isa = PBXBuildFile; fileRef = 29B97318FDCFA39411CA2CEA /* MainMenu.nib */; };
		257572C8072881A4000BE9CA /* InfoPlist.strings in Resources */ = {isa = PBXBuildFile; fileRef = 089C165CFE840E0CC02AAC07 /* InfoPlist.strings */; };
		257572CA072881A4000BE9CA /* main.m in Sources */ = {isa = PBXBuildFile; fileRef = 29B97316FDCFA39411CA2CEA /* main.m */; settings = {ATTRIBUTES = (); }; };
		257572CC072881A4000BE9CA /* Cocoa.framework in Frameworks */ = {isa = PBXBuildFile; fileRef = 1058C7A1FEA54F0111CA2CBB /* Cocoa.framework */; };
		257572CD072881A4000BE9CA /* AppleScriptKit.framework in Frameworks */ = {isa = PBXBuildFile; fileRef = DA206CF1015C4E2903C91932 /* AppleScriptKit.framework */; };
		2C4D2C1F0EC979C300D09C32 /* OSAKit.framework in Frameworks */ = {isa = PBXBuildFile; fileRef = 2C4D2C1E0EC979C300D09C32 /* OSAKit.framework */; };
		2C4D2C870EC99CCE00D09C32 /* ASHTML.applescript in AppleScript */ = {isa = PBXBuildFile; fileRef = 2C4D2C860EC99CCE00D09C32 /* ASHTML.applescript */; settings = {ATTRIBUTES = (Debug, ); }; };
		2C4D2C9C0EC99ED700D09C32 /* ASFormattingStyle.applescript in AppleScript */ = {isa = PBXBuildFile; fileRef = 2C4D2C9B0EC99ED700D09C32 /* ASFormattingStyle.applescript */; settings = {ATTRIBUTES = (Debug, ); }; };
		2C535EC70ECA81B100C73295 /* DefaultsManager.applescript in AppleScript */ = {isa = PBXBuildFile; fileRef = 2C535EC10ECA800800C73295 /* DefaultsManager.applescript */; settings = {ATTRIBUTES = (Debug, ); }; };
		2C535EC90ECA81C100C73295 /* DropBox.m in Sources */ = {isa = PBXBuildFile; fileRef = 2C535EB10ECA7FF700C73295 /* DropBox.m */; };
		2C535ECC0ECA81E500C73295 /* NSURL+NDCarbonUtilities.m in Sources */ = {isa = PBXBuildFile; fileRef = 2C535EB50ECA7FF700C73295 /* NSURL+NDCarbonUtilities.m */; };
		2C535ECE0ECA81EA00C73295 /* PathExtra.m in Sources */ = {isa = PBXBuildFile; fileRef = 2C535EB90ECA7FF700C73295 /* PathExtra.m */; };
		2C9492BB0ECA99A600273C7C /* AppController.m in Sources */ = {isa = PBXBuildFile; fileRef = 2C9492B90ECA99A600273C7C /* AppController.m */; };
		2C9492E20ECAA18700273C7C /* DonationReminder.framework in Frameworks */ = {isa = PBXBuildFile; fileRef = 2C9492E10ECAA18700273C7C /* DonationReminder.framework */; };
		2C9492ED0ECAA1DD00273C7C /* DonationReminder.framework in CopyFiles */ = {isa = PBXBuildFile; fileRef = 2C9492E10ECAA18700273C7C /* DonationReminder.framework */; };
		2C9493030ECAA28100273C7C /* NSUserDefaultsExtensions.m in Sources */ = {isa = PBXBuildFile; fileRef = 2C9493010ECAA28100273C7C /* NSUserDefaultsExtensions.m */; };
		2C9493330ECAA3DC00273C7C /* FactorySettings.plist in Resources */ = {isa = PBXBuildFile; fileRef = 2C9493320ECAA3DC00273C7C /* FactorySettings.plist */; };
		2CD975F00EC9013500024156 /* ASFormatting.m in Sources */ = {isa = PBXBuildFile; fileRef = 2CD975EE0EC9013500024156 /* ASFormatting.m */; };
		2CD976040EC912B700024156 /* Carbon.framework in Frameworks */ = {isa = PBXBuildFile; fileRef = 2CD976030EC912B700024156 /* Carbon.framework */; };
		2CE618070ECB2B7A00445AFE /* Info.plist in Resources */ = {isa = PBXBuildFile; fileRef = 2CE618020ECB2B7A00445AFE /* Info.plist */; };
		2CE618AB0ECB34CD00445AFE /* Localizable.strings in Resources */ = {isa = PBXBuildFile; fileRef = 2CE618A90ECB34CD00445AFE /* Localizable.strings */; };
		2CE619180ECBB9D700445AFE /* template_full_body.html in Resources */ = {isa = PBXBuildFile; fileRef = 2CE619170ECBB9D700445AFE /* template_full_body.html */; };
		2CE61B060ECBDCEE00445AFE /* SheetManager.applescript in AppleScript */ = {isa = PBXBuildFile; fileRef = 2C535EC30ECA800800C73295 /* SheetManager.applescript */; settings = {ATTRIBUTES = (Debug, ); }; };
		2CF2FF060ECA579000BADC90 /* ASHTMLProcessor.applescript in AppleScript */ = {isa = PBXBuildFile; fileRef = 2CF2FF050ECA579000BADC90 /* ASHTMLProcessor.applescript */; settings = {ATTRIBUTES = (Debug, ); }; };
		2CF3A6430ECACC4800D63AF8 /* template_sourcecode.html in Resources */ = {isa = PBXBuildFile; fileRef = 2CF3A6400ECACC4800D63AF8 /* template_sourcecode.html */; };
		2CF3A6440ECACC4800D63AF8 /* template_full.html in Resources */ = {isa = PBXBuildFile; fileRef = 2CF3A6410ECACC4800D63AF8 /* template_full.html */; };
		2CF3A6450ECACC4800D63AF8 /* button_template.html in Resources */ = {isa = PBXBuildFile; fileRef = 2CF3A6420ECACC4800D63AF8 /* button_template.html */; };
		2CF3A6A70ECAD3B400D63AF8 /* template_full_scriptlink.html in Resources */ = {isa = PBXBuildFile; fileRef = 2CF3A6A60ECAD3B400D63AF8 /* template_full_scriptlink.html */; };
/* End PBXBuildFile section */

/* Begin PBXCopyFilesBuildPhase section */
		2C9492E70ECAA1D000273C7C /* CopyFiles */ = {
			isa = PBXCopyFilesBuildPhase;
			buildActionMask = 2147483647;
			dstPath = "";
			dstSubfolderSpec = 10;
			files = (
				2C9492ED0ECAA1DD00273C7C /* DonationReminder.framework in CopyFiles */,
			);
			runOnlyForDeploymentPostprocessing = 0;
		};
/* End PBXCopyFilesBuildPhase section */

/* Begin PBXFileReference section */
		089C165DFE840E0CC02AAC07 /* English */ = {isa = PBXFileReference; fileEncoding = 10; lastKnownFileType = text.plist.strings; name = English; path = English.lproj/InfoPlist.strings; sourceTree = "<group>"; };
		1058C7A1FEA54F0111CA2CBB /* Cocoa.framework */ = {isa = PBXFileReference; lastKnownFileType = wrapper.framework; name = Cocoa.framework; path = /System/Library/Frameworks/Cocoa.framework; sourceTree = "<absolute>"; };
		257572D5072881A4000BE9CA /* Info.plist */ = {isa = PBXFileReference; lastKnownFileType = text.xml; path = Info.plist; sourceTree = "<group>"; };
		257572D6072881A4000BE9CA /* AppleScriptHTML.app */ = {isa = PBXFileReference; explicitFileType = wrapper.application; includeInIndex = 0; path = AppleScriptHTML.app; sourceTree = BUILT_PRODUCTS_DIR; };
		29B97316FDCFA39411CA2CEA /* main.m */ = {isa = PBXFileReference; fileEncoding = 30; lastKnownFileType = sourcecode.c.objc; path = main.m; sourceTree = "<group>"; };
		29B97319FDCFA39411CA2CEA /* English */ = {isa = PBXFileReference; lastKnownFileType = wrapper.nib; name = English; path = English.lproj/MainMenu.nib; sourceTree = "<group>"; };
		29B97324FDCFA39411CA2CEA /* AppKit.framework */ = {isa = PBXFileReference; lastKnownFileType = wrapper.framework; name = AppKit.framework; path = /System/Library/Frameworks/AppKit.framework; sourceTree = "<absolute>"; };
		29B97325FDCFA39411CA2CEA /* Foundation.framework */ = {isa = PBXFileReference; lastKnownFileType = wrapper.framework; name = Foundation.framework; path = /System/Library/Frameworks/Foundation.framework; sourceTree = "<absolute>"; };
		2C4D2C1E0EC979C300D09C32 /* OSAKit.framework */ = {isa = PBXFileReference; lastKnownFileType = wrapper.framework; name = OSAKit.framework; path = /System/Library/Frameworks/OSAKit.framework; sourceTree = "<absolute>"; };
		2C4D2C860EC99CCE00D09C32 /* ASHTML.applescript */ = {isa = PBXFileReference; fileEncoding = 4; lastKnownFileType = sourcecode.applescript; path = ASHTML.applescript; sourceTree = "<group>"; };
		2C4D2C9B0EC99ED700D09C32 /* ASFormattingStyle.applescript */ = {isa = PBXFileReference; fileEncoding = 4; lastKnownFileType = sourcecode.applescript; path = ASFormattingStyle.applescript; sourceTree = "<group>"; };
		2C535EB00ECA7FF700C73295 /* DropBox.h */ = {isa = PBXFileReference; fileEncoding = 4; lastKnownFileType = sourcecode.c.h; path = DropBox.h; sourceTree = "<group>"; };
		2C535EB10ECA7FF700C73295 /* DropBox.m */ = {isa = PBXFileReference; fileEncoding = 4; lastKnownFileType = sourcecode.c.objc; path = DropBox.m; sourceTree = "<group>"; };
		2C535EB20ECA7FF700C73295 /* NDAlias.h */ = {isa = PBXFileReference; fileEncoding = 4; lastKnownFileType = sourcecode.c.h; path = NDAlias.h; sourceTree = "<group>"; };
		2C535EB30ECA7FF700C73295 /* NDAlias.m */ = {isa = PBXFileReference; fileEncoding = 4; lastKnownFileType = sourcecode.c.objc; path = NDAlias.m; sourceTree = "<group>"; };
		2C535EB40ECA7FF700C73295 /* NSURL+NDCarbonUtilities.h */ = {isa = PBXFileReference; fileEncoding = 4; lastKnownFileType = sourcecode.c.h; path = "NSURL+NDCarbonUtilities.h"; sourceTree = "<group>"; };
		2C535EB50ECA7FF700C73295 /* NSURL+NDCarbonUtilities.m */ = {isa = PBXFileReference; fileEncoding = 4; lastKnownFileType = sourcecode.c.objc; path = "NSURL+NDCarbonUtilities.m"; sourceTree = "<group>"; };
		2C535EB60ECA7FF700C73295 /* PaletteWindowController.h */ = {isa = PBXFileReference; fileEncoding = 4; lastKnownFileType = sourcecode.c.h; path = PaletteWindowController.h; sourceTree = "<group>"; };
		2C535EB70ECA7FF700C73295 /* PaletteWindowController.m */ = {isa = PBXFileReference; fileEncoding = 4; lastKnownFileType = sourcecode.c.objc; path = PaletteWindowController.m; sourceTree = "<group>"; };
		2C535EB80ECA7FF700C73295 /* PathExtra.h */ = {isa = PBXFileReference; fileEncoding = 4; lastKnownFileType = sourcecode.c.h; path = PathExtra.h; sourceTree = "<group>"; };
		2C535EB90ECA7FF700C73295 /* PathExtra.m */ = {isa = PBXFileReference; fileEncoding = 4; lastKnownFileType = sourcecode.c.objc; path = PathExtra.m; sourceTree = "<group>"; };
		2C535EBA0ECA7FF700C73295 /* StringExtra.h */ = {isa = PBXFileReference; fileEncoding = 4; lastKnownFileType = sourcecode.c.h; path = StringExtra.h; sourceTree = "<group>"; };
		2C535EBB0ECA7FF700C73295 /* StringExtra.m */ = {isa = PBXFileReference; fileEncoding = 4; lastKnownFileType = sourcecode.c.objc; path = StringExtra.m; sourceTree = "<group>"; };
		2C535EBC0ECA7FF700C73295 /* WindowVisibilityController.h */ = {isa = PBXFileReference; fileEncoding = 4; lastKnownFileType = sourcecode.c.h; path = WindowVisibilityController.h; sourceTree = "<group>"; };
		2C535EBD0ECA7FF700C73295 /* WindowVisibilityController.m */ = {isa = PBXFileReference; fileEncoding = 4; lastKnownFileType = sourcecode.c.objc; path = WindowVisibilityController.m; sourceTree = "<group>"; };
		2C535EBF0ECA800800C73295 /* ColorSwitch.applescript */ = {isa = PBXFileReference; fileEncoding = 4; lastKnownFileType = sourcecode.applescript; path = ColorSwitch.applescript; sourceTree = "<group>"; };
		2C535EC00ECA800800C73295 /* CommandBuilder.applescript */ = {isa = PBXFileReference; fileEncoding = 4; lastKnownFileType = sourcecode.applescript; path = CommandBuilder.applescript; sourceTree = "<group>"; };
		2C535EC10ECA800800C73295 /* DefaultsManager.applescript */ = {isa = PBXFileReference; fileEncoding = 4; lastKnownFileType = sourcecode.applescript; path = DefaultsManager.applescript; sourceTree = "<group>"; };
		2C535EC20ECA800800C73295 /* MessageUtility.applescript */ = {isa = PBXFileReference; fileEncoding = 4; lastKnownFileType = sourcecode.applescript; path = MessageUtility.applescript; sourceTree = "<group>"; };
		2C535EC30ECA800800C73295 /* SheetManager.applescript */ = {isa = PBXFileReference; fileEncoding = 4; lastKnownFileType = sourcecode.applescript; path = SheetManager.applescript; sourceTree = "<group>"; };
		2C535EC40ECA800800C73295 /* TerminalCommander.applescript */ = {isa = PBXFileReference; fileEncoding = 4; lastKnownFileType = sourcecode.applescript; path = TerminalCommander.applescript; sourceTree = "<group>"; };
		2C535EC50ECA800800C73295 /* TerminalSettings.applescript */ = {isa = PBXFileReference; fileEncoding = 4; lastKnownFileType = sourcecode.applescript; path = TerminalSettings.applescript; sourceTree = "<group>"; };
		2C535EC60ECA800800C73295 /* UtilityHandlers.applescript */ = {isa = PBXFileReference; fileEncoding = 4; lastKnownFileType = sourcecode.applescript; path = UtilityHandlers.applescript; sourceTree = "<group>"; };
		2C9492B80ECA99A600273C7C /* AppController.h */ = {isa = PBXFileReference; fileEncoding = 4; lastKnownFileType = sourcecode.c.h; path = AppController.h; sourceTree = "<group>"; };
		2C9492B90ECA99A600273C7C /* AppController.m */ = {isa = PBXFileReference; fileEncoding = 4; lastKnownFileType = sourcecode.c.objc; path = AppController.m; sourceTree = "<group>"; };
		2C9492E10ECAA18700273C7C /* DonationReminder.framework */ = {isa = PBXFileReference; lastKnownFileType = wrapper.framework; name = DonationReminder.framework; path = ../DonationReminder.framework; sourceTree = SOURCE_ROOT; };
		2C9493000ECAA28100273C7C /* NSUserDefaultsExtensions.h */ = {isa = PBXFileReference; fileEncoding = 4; lastKnownFileType = sourcecode.c.h; path = NSUserDefaultsExtensions.h; sourceTree = "<group>"; };
		2C9493010ECAA28100273C7C /* NSUserDefaultsExtensions.m */ = {isa = PBXFileReference; fileEncoding = 4; lastKnownFileType = sourcecode.c.objc; path = NSUserDefaultsExtensions.m; sourceTree = "<group>"; };
		2C9493320ECAA3DC00273C7C /* FactorySettings.plist */ = {isa = PBXFileReference; fileEncoding = 4; lastKnownFileType = text.xml; path = FactorySettings.plist; sourceTree = "<group>"; };
		2CD975EE0EC9013500024156 /* ASFormatting.m */ = {isa = PBXFileReference; fileEncoding = 4; lastKnownFileType = sourcecode.c.objc; path = ASFormatting.m; sourceTree = "<group>"; };
		2CD976030EC912B700024156 /* Carbon.framework */ = {isa = PBXFileReference; lastKnownFileType = wrapper.framework; name = Carbon.framework; path = /System/Library/Frameworks/Carbon.framework; sourceTree = "<absolute>"; };
		2CDDB3690EC9D8E8001A0A19 /* ASFormatting.h */ = {isa = PBXFileReference; fileEncoding = 4; lastKnownFileType = sourcecode.c.h; path = ASFormatting.h; sourceTree = "<group>"; };
		2CE618020ECB2B7A00445AFE /* Info.plist */ = {isa = PBXFileReference; fileEncoding = "-2147483647"; lastKnownFileType = text.xml; path = Info.plist; sourceTree = "<group>"; };
		2CE618040ECB2B7A00445AFE /* URI Escape */ = {isa = PBXFileReference; lastKnownFileType = "compiled.mach-o.bundle"; path = "URI Escape"; sourceTree = "<group>"; };
		2CE618060ECB2B7A00445AFE /* URI Escape.rsrc */ = {isa = PBXFileReference; lastKnownFileType = archive.rsrc; path = "URI Escape.rsrc"; sourceTree = "<group>"; };
		2CE618AA0ECB34CD00445AFE /* English */ = {isa = PBXFileReference; fileEncoding = 10; lastKnownFileType = text.plist.strings; name = English; path = English.lproj/Localizable.strings; sourceTree = "<group>"; };
		2CE619170ECBB9D700445AFE /* template_full_body.html */ = {isa = PBXFileReference; fileEncoding = 4; lastKnownFileType = text.html; path = template_full_body.html; sourceTree = "<group>"; };
		2CF2FF050ECA579000BADC90 /* ASHTMLProcessor.applescript */ = {isa = PBXFileReference; fileEncoding = "-2147483647"; lastKnownFileType = sourcecode.applescript; path = ASHTMLProcessor.applescript; sourceTree = "<group>"; };
		2CF3A6400ECACC4800D63AF8 /* template_sourcecode.html */ = {isa = PBXFileReference; fileEncoding = 4; lastKnownFileType = text.html; path = template_sourcecode.html; sourceTree = "<group>"; };
		2CF3A6410ECACC4800D63AF8 /* template_full.html */ = {isa = PBXFileReference; fileEncoding = 4; lastKnownFileType = text.html; path = template_full.html; sourceTree = "<group>"; };
		2CF3A6420ECACC4800D63AF8 /* button_template.html */ = {isa = PBXFileReference; fileEncoding = 4; lastKnownFileType = text.html; path = button_template.html; sourceTree = "<group>"; };
		2CF3A6A60ECAD3B400D63AF8 /* template_full_scriptlink.html */ = {isa = PBXFileReference; fileEncoding = 4; lastKnownFileType = text.html; path = template_full_scriptlink.html; sourceTree = "<group>"; };
		65359356078DD41800E8BB2F /* AppleScriptKit.sdef */ = {isa = PBXFileReference; fileEncoding = 30; lastKnownFileType = text.sdef; name = AppleScriptKit.sdef; path = /System/Library/Frameworks/AppleScriptKit.framework/Versions/A/Resources/AppleScriptKit.sdef; sourceTree = "<absolute>"; };
		DA206CF1015C4E2903C91932 /* AppleScriptKit.framework */ = {isa = PBXFileReference; lastKnownFileType = wrapper.framework; name = AppleScriptKit.framework; path = /System/Library/Frameworks/AppleScriptKit.framework; sourceTree = "<absolute>"; };
		DA206CF3015C4E8B03C91932 /* AppleScriptHTML.applescript */ = {isa = PBXFileReference; fileEncoding = "-2147483647"; lastKnownFileType = sourcecode.applescript; path = AppleScriptHTML.applescript; sourceTree = "<group>"; };
/* End PBXFileReference section */

/* Begin PBXFrameworksBuildPhase section */
		257572CB072881A4000BE9CA /* Frameworks */ = {
			isa = PBXFrameworksBuildPhase;
			buildActionMask = 2147483647;
			files = (
				257572CC072881A4000BE9CA /* Cocoa.framework in Frameworks */,
				257572CD072881A4000BE9CA /* AppleScriptKit.framework in Frameworks */,
				2CD976040EC912B700024156 /* Carbon.framework in Frameworks */,
				2C4D2C1F0EC979C300D09C32 /* OSAKit.framework in Frameworks */,
				2C9492E20ECAA18700273C7C /* DonationReminder.framework in Frameworks */,
			);
			runOnlyForDeploymentPostprocessing = 0;
		};
/* End PBXFrameworksBuildPhase section */

/* Begin PBXGroup section */
		080E96DDFE201D6D7F000001 /* Scripts */ = {
			isa = PBXGroup;
			children = (
				2CF2FF050ECA579000BADC90 /* ASHTMLProcessor.applescript */,
				DA206CF3015C4E8B03C91932 /* AppleScriptHTML.applescript */,
			);
			name = Scripts;
			sourceTree = "<group>";
		};
		1058C7A0FEA54F0111CA2CBB /* Linked Frameworks */ = {
			isa = PBXGroup;
			children = (
				2C9492E10ECAA18700273C7C /* DonationReminder.framework */,
				2C4D2C1E0EC979C300D09C32 /* OSAKit.framework */,
				2CD976030EC912B700024156 /* Carbon.framework */,
				1058C7A1FEA54F0111CA2CBB /* Cocoa.framework */,
				DA206CF1015C4E2903C91932 /* AppleScriptKit.framework */,
			);
			name = "Linked Frameworks";
			sourceTree = "<group>";
		};
		1058C7A2FEA54F0111CA2CBB /* Other Frameworks */ = {
			isa = PBXGroup;
			children = (
				29B97325FDCFA39411CA2CEA /* Foundation.framework */,
				29B97324FDCFA39411CA2CEA /* AppKit.framework */,
			);
			name = "Other Frameworks";
			sourceTree = "<group>";
		};
		19C28FACFE9D520D11CA2CBB /* Products */ = {
			isa = PBXGroup;
			children = (
				257572D6072881A4000BE9CA /* AppleScriptHTML.app */,
			);
			name = Products;
			sourceTree = "<group>";
		};
		29B97314FDCFA39411CA2CEA /* AppleScriptHTML */ = {
			isa = PBXGroup;
			children = (
				2CF3A6330ECACC1600D63AF8 /* Templates */,
				2C535EAF0ECA7FF700C73295 /* CocoaLib */,
				2C535EBE0ECA800800C73295 /* ASStudioScriptLib */,
				2C4D2C7E0EC99C5D00D09C32 /* ASHTMLLib */,
				2CD975830EC8FAD300024156 /* Classes */,
				080E96DDFE201D6D7F000001 /* Scripts */,
				29B97317FDCFA39411CA2CEA /* Resources */,
				29B97315FDCFA39411CA2CEA /* Other Sources */,
				29B97323FDCFA39411CA2CEA /* Frameworks */,
				19C28FACFE9D520D11CA2CBB /* Products */,
				257572D5072881A4000BE9CA /* Info.plist */,
			);
			name = AppleScriptHTML;
			sourceTree = "<group>";
		};
		29B97315FDCFA39411CA2CEA /* Other Sources */ = {
			isa = PBXGroup;
			children = (
				29B97316FDCFA39411CA2CEA /* main.m */,
			);
			name = "Other Sources";
			sourceTree = "<group>";
		};
		29B97317FDCFA39411CA2CEA /* Resources */ = {
			isa = PBXGroup;
			children = (
				2CE618A90ECB34CD00445AFE /* Localizable.strings */,
				2CE618000ECB2B7A00445AFE /* URI Escape.osax */,
				2C9493320ECAA3DC00273C7C /* FactorySettings.plist */,
				29B97318FDCFA39411CA2CEA /* MainMenu.nib */,
				089C165CFE840E0CC02AAC07 /* InfoPlist.strings */,
				65359356078DD41800E8BB2F /* AppleScriptKit.sdef */,
			);
			name = Resources;
			sourceTree = "<group>";
		};
		29B97323FDCFA39411CA2CEA /* Frameworks */ = {
			isa = PBXGroup;
			children = (
				1058C7A0FEA54F0111CA2CBB /* Linked Frameworks */,
				1058C7A2FEA54F0111CA2CBB /* Other Frameworks */,
			);
			name = Frameworks;
			sourceTree = "<group>";
		};
		2C4D2C7E0EC99C5D00D09C32 /* ASHTMLLib */ = {
			isa = PBXGroup;
			children = (
				2CDDB3690EC9D8E8001A0A19 /* ASFormatting.h */,
				2CD975EE0EC9013500024156 /* ASFormatting.m */,
				2C4D2C860EC99CCE00D09C32 /* ASHTML.applescript */,
				2C4D2C9B0EC99ED700D09C32 /* ASFormattingStyle.applescript */,
			);
			path = ASHTMLLib;
			sourceTree = "<group>";
		};
		2C535EAF0ECA7FF700C73295 /* CocoaLib */ = {
			isa = PBXGroup;
			children = (
				2C535EB00ECA7FF700C73295 /* DropBox.h */,
				2C535EB10ECA7FF700C73295 /* DropBox.m */,
				2C535EB20ECA7FF700C73295 /* NDAlias.h */,
				2C535EB30ECA7FF700C73295 /* NDAlias.m */,
				2C535EB40ECA7FF700C73295 /* NSURL+NDCarbonUtilities.h */,
				2C535EB50ECA7FF700C73295 /* NSURL+NDCarbonUtilities.m */,
				2C535EB60ECA7FF700C73295 /* PaletteWindowController.h */,
				2C535EB70ECA7FF700C73295 /* PaletteWindowController.m */,
				2C535EB80ECA7FF700C73295 /* PathExtra.h */,
				2C535EB90ECA7FF700C73295 /* PathExtra.m */,
				2C535EBA0ECA7FF700C73295 /* StringExtra.h */,
				2C535EBB0ECA7FF700C73295 /* StringExtra.m */,
				2C535EBC0ECA7FF700C73295 /* WindowVisibilityController.h */,
				2C535EBD0ECA7FF700C73295 /* WindowVisibilityController.m */,
			);
			path = CocoaLib;
			sourceTree = "<group>";
		};
		2C535EBE0ECA800800C73295 /* ASStudioScriptLib */ = {
			isa = PBXGroup;
			children = (
				2C535EBF0ECA800800C73295 /* ColorSwitch.applescript */,
				2C535EC00ECA800800C73295 /* CommandBuilder.applescript */,
				2C535EC10ECA800800C73295 /* DefaultsManager.applescript */,
				2C535EC20ECA800800C73295 /* MessageUtility.applescript */,
				2C535EC30ECA800800C73295 /* SheetManager.applescript */,
				2C535EC40ECA800800C73295 /* TerminalCommander.applescript */,
				2C535EC50ECA800800C73295 /* TerminalSettings.applescript */,
				2C535EC60ECA800800C73295 /* UtilityHandlers.applescript */,
			);
			path = ASStudioScriptLib;
			sourceTree = "<group>";
		};
		2CD975830EC8FAD300024156 /* Classes */ = {
			isa = PBXGroup;
			children = (
				2C9493000ECAA28100273C7C /* NSUserDefaultsExtensions.h */,
				2C9493010ECAA28100273C7C /* NSUserDefaultsExtensions.m */,
				2C9492B80ECA99A600273C7C /* AppController.h */,
				2C9492B90ECA99A600273C7C /* AppController.m */,
			);
			name = Classes;
			sourceTree = "<group>";
		};
		2CE618000ECB2B7A00445AFE /* URI Escape.osax */ = {
			isa = PBXGroup;
			children = (
				2CE618010ECB2B7A00445AFE /* Contents */,
			);
			name = "URI Escape.osax";
			path = "../URI Escape.osax";
			sourceTree = SOURCE_ROOT;
		};
		2CE618010ECB2B7A00445AFE /* Contents */ = {
			isa = PBXGroup;
			children = (
				2CE618020ECB2B7A00445AFE /* Info.plist */,
				2CE618030ECB2B7A00445AFE /* MacOS */,
				2CE618050ECB2B7A00445AFE /* Resources */,
			);
			path = Contents;
			sourceTree = "<group>";
		};
		2CE618030ECB2B7A00445AFE /* MacOS */ = {
			isa = PBXGroup;
			children = (
				2CE618040ECB2B7A00445AFE /* URI Escape */,
			);
			path = MacOS;
			sourceTree = "<group>";
		};
		2CE618050ECB2B7A00445AFE /* Resources */ = {
			isa = PBXGroup;
			children = (
				2CE618060ECB2B7A00445AFE /* URI Escape.rsrc */,
			);
			path = Resources;
			sourceTree = "<group>";
		};
		2CF3A6330ECACC1600D63AF8 /* Templates */ = {
			isa = PBXGroup;
			children = (
				2CE619170ECBB9D700445AFE /* template_full_body.html */,
				2CF3A6A60ECAD3B400D63AF8 /* template_full_scriptlink.html */,
				2CF3A6400ECACC4800D63AF8 /* template_sourcecode.html */,
				2CF3A6410ECACC4800D63AF8 /* template_full.html */,
				2CF3A6420ECACC4800D63AF8 /* button_template.html */,
			);
			path = Templates;
			sourceTree = "<group>";
		};
/* End PBXGroup section */

/* Begin PBXHeadersBuildPhase section */
		257572C3072881A4000BE9CA /* Headers */ = {
			isa = PBXHeadersBuildPhase;
			buildActionMask = 2147483647;
			files = (
			);
			runOnlyForDeploymentPostprocessing = 0;
		};
/* End PBXHeadersBuildPhase section */

/* Begin PBXNativeTarget section */
		257572C2072881A4000BE9CA /* AppleScriptHTML */ = {
			isa = PBXNativeTarget;
			buildConfigurationList = 4E71A80508A2C90C0034BBD9 /* Build configuration list for PBXNativeTarget "AppleScriptHTML" */;
			buildPhases = (
				257572C3072881A4000BE9CA /* Headers */,
				257572C4072881A4000BE9CA /* AppleScript */,
				257572C6072881A4000BE9CA /* Resources */,
				257572C9072881A4000BE9CA /* Sources */,
				257572CB072881A4000BE9CA /* Frameworks */,
				2C9492E70ECAA1D000273C7C /* CopyFiles */,
				2CE618230ECB2C9000445AFE /* ShellScript */,
			);
			buildRules = (
			);
			dependencies = (
			);
			name = AppleScriptHTML;
			productInstallPath = "$(HOME)/Applications";
			productName = AppleScriptHTML;
			productReference = 257572D6072881A4000BE9CA /* AppleScriptHTML.app */;
			productType = "com.apple.product-type.application";
		};
/* End PBXNativeTarget section */

/* Begin PBXProject section */
		29B97313FDCFA39411CA2CEA /* Project object */ = {
			isa = PBXProject;
			buildConfigurationList = 4E71A80908A2C90C0034BBD9 /* Build configuration list for PBXProject "AppleScriptHTML" */;
			hasScannedForEncodings = 1;
			mainGroup = 29B97314FDCFA39411CA2CEA /* AppleScriptHTML */;
			projectDirPath = "";
			targets = (
				257572C2072881A4000BE9CA /* AppleScriptHTML */,
			);
		};
/* End PBXProject section */

/* Begin PBXResourcesBuildPhase section */
		257572C6072881A4000BE9CA /* Resources */ = {
			isa = PBXResourcesBuildPhase;
			buildActionMask = 2147483647;
			files = (
				257572C7072881A4000BE9CA /* MainMenu.nib in Resources */,
				257572C8072881A4000BE9CA /* InfoPlist.strings in Resources */,
				2C9493330ECAA3DC00273C7C /* FactorySettings.plist in Resources */,
				2CF3A6430ECACC4800D63AF8 /* template_sourcecode.html in Resources */,
				2CF3A6440ECACC4800D63AF8 /* template_full.html in Resources */,
				2CF3A6450ECACC4800D63AF8 /* button_template.html in Resources */,
				2CF3A6A70ECAD3B400D63AF8 /* template_full_scriptlink.html in Resources */,
				2CE618070ECB2B7A00445AFE /* Info.plist in Resources */,
				2CE618AB0ECB34CD00445AFE /* Localizable.strings in Resources */,
				2CE619180ECBB9D700445AFE /* template_full_body.html in Resources */,
			);
			runOnlyForDeploymentPostprocessing = 0;
		};
/* End PBXResourcesBuildPhase section */

/* Begin PBXShellScriptBuildPhase section */
		2CE618230ECB2C9000445AFE /* ShellScript */ = {
			isa = PBXShellScriptBuildPhase;
			buildActionMask = 2147483647;
			files = (
			);
			inputPaths = (
			);
			outputPaths = (
			);
			runOnlyForDeploymentPostprocessing = 0;
			shellPath = /bin/sh;
			shellScript = "SCRIPTING_ADDITIONS_FOLDER=\"$TARGET_BUILD_DIR/$UNLOCALIZED_RESOURCES_FOLDER_PATH/Scripting Additions\"\nmkdir -p \"$SCRIPTING_ADDITIONS_FOLDER\"\ncp -RH \"../URI Escape.osax\" \"$SCRIPTING_ADDITIONS_FOLDER\"\n";
		};
/* End PBXShellScriptBuildPhase section */

/* Begin PBXSourcesBuildPhase section */
		257572C9072881A4000BE9CA /* Sources */ = {
			isa = PBXSourcesBuildPhase;
			buildActionMask = 2147483647;
			files = (
				257572CA072881A4000BE9CA /* main.m in Sources */,
				2CD975F00EC9013500024156 /* ASFormatting.m in Sources */,
				2C535EC90ECA81C100C73295 /* DropBox.m in Sources */,
				2C535ECC0ECA81E500C73295 /* NSURL+NDCarbonUtilities.m in Sources */,
				2C535ECE0ECA81EA00C73295 /* PathExtra.m in Sources */,
				2C9492BB0ECA99A600273C7C /* AppController.m in Sources */,
				2C9493030ECAA28100273C7C /* NSUserDefaultsExtensions.m in Sources */,
			);
			runOnlyForDeploymentPostprocessing = 0;
		};
/* End PBXSourcesBuildPhase section */

/* Begin PBXVariantGroup section */
		089C165CFE840E0CC02AAC07 /* InfoPlist.strings */ = {
			isa = PBXVariantGroup;
			children = (
				089C165DFE840E0CC02AAC07 /* English */,
			);
			name = InfoPlist.strings;
			sourceTree = "<group>";
		};
		29B97318FDCFA39411CA2CEA /* MainMenu.nib */ = {
			isa = PBXVariantGroup;
			children = (
				29B97319FDCFA39411CA2CEA /* English */,
			);
			name = MainMenu.nib;
			sourceTree = "<group>";
		};
		2CE618A90ECB34CD00445AFE /* Localizable.strings */ = {
			isa = PBXVariantGroup;
			children = (
				2CE618AA0ECB34CD00445AFE /* English */,
			);
			name = Localizable.strings;
			sourceTree = "<group>";
		};
/* End PBXVariantGroup section */

/* Begin XCBuildConfiguration section */
		4E71A80608A2C90C0034BBD9 /* Debug */ = {
			isa = XCBuildConfiguration;
			buildSettings = {
				COPY_PHASE_STRIP = NO;
				FRAMEWORK_SEARCH_PATHS = (
					"$(inherited)",
					"$(FRAMEWORK_SEARCH_PATHS_QUOTED_FOR_TARGET_1)",
				);
				FRAMEWORK_SEARCH_PATHS_QUOTED_FOR_TARGET_1 = "\"$(SRCROOT)/..\"";
				GCC_DYNAMIC_NO_PIC = NO;
				GCC_ENABLE_FIX_AND_CONTINUE = YES;
				GCC_MODEL_TUNING = G5;
				GCC_OPTIMIZATION_LEVEL = 0;
				INFOPLIST_FILE = Info.plist;
				INSTALL_PATH = "$(HOME)/Applications";
				PRODUCT_NAME = AppleScriptHTML;
				WRAPPER_EXTENSION = app;
				ZERO_LINK = YES;
			};
			name = Debug;
		};
		4E71A80708A2C90C0034BBD9 /* Release */ = {
			isa = XCBuildConfiguration;
			buildSettings = {
				ARCHS = (
					ppc,
					i386,
				);
				FRAMEWORK_SEARCH_PATHS = (
					"$(inherited)",
					"$(FRAMEWORK_SEARCH_PATHS_QUOTED_FOR_TARGET_1)",
				);
				FRAMEWORK_SEARCH_PATHS_QUOTED_FOR_TARGET_1 = "\"$(SRCROOT)/..\"";
				GCC_GENERATE_DEBUGGING_SYMBOLS = NO;
				GCC_MODEL_TUNING = G5;
				INFOPLIST_FILE = Info.plist;
				INSTALL_PATH = "$(HOME)/Applications";
				OTHER_OSAFLAGS = "-x";
				PRODUCT_NAME = AppleScriptHTML;
				WRAPPER_EXTENSION = app;
			};
			name = Release;
		};
		4E71A80A08A2C90C0034BBD9 /* Debug */ = {
			isa = XCBuildConfiguration;
			buildSettings = {
				GCC_C_LANGUAGE_STANDARD = c99;
				GCC_WARN_ABOUT_RETURN_TYPE = YES;
				GCC_WARN_UNUSED_VARIABLE = YES;
				PREBINDING = NO;
				SDKROOT = /Developer/SDKs/MacOSX10.4u.sdk;
			};
			name = Debug;
		};
		4E71A80B08A2C90C0034BBD9 /* Release */ = {
			isa = XCBuildConfiguration;
			buildSettings = {
				GCC_C_LANGUAGE_STANDARD = c99;
				GCC_WARN_ABOUT_RETURN_TYPE = YES;
				GCC_WARN_UNUSED_VARIABLE = YES;
				PREBINDING = NO;
				SDKROOT = /Developer/SDKs/MacOSX10.4u.sdk;
			};
			name = Release;
		};
/* End XCBuildConfiguration section */

/* Begin XCConfigurationList section */
		4E71A80508A2C90C0034BBD9 /* Build configuration list for PBXNativeTarget "AppleScriptHTML" */ = {
			isa = XCConfigurationList;
			buildConfigurations = (
				4E71A80608A2C90C0034BBD9 /* Debug */,
				4E71A80708A2C90C0034BBD9 /* Release */,
			);
			defaultConfigurationIsVisible = 0;
			defaultConfigurationName = Release;
		};
		4E71A80908A2C90C0034BBD9 /* Build configuration list for PBXProject "AppleScriptHTML" */ = {
			isa = XCConfigurationList;
			buildConfigurations = (
				4E71A80A08A2C90C0034BBD9 /* Debug */,
				4E71A80B08A2C90C0034BBD9 /* Release */,
			);
			defaultConfigurationIsVisible = 0;
			defaultConfigurationName = Release;
		};
/* End XCConfigurationList section */
	};
	rootObject = 29B97313FDCFA39411CA2CEA /* Project object */;
}
